// !$*UTF8*$!
{
	archiveVersion = 1;
	classes = {
	};
	objectVersion = 46;
	objects = {

/* Begin PBXBuildFile section */
		59DBB00B19DBE9F3001E2CC0 /* ProcessSettings.m in Sources */ = {isa = PBXBuildFile; fileRef = 59DBB00A19DBE9F3001E2CC0 /* ProcessSettings.m */; };
		59DBB00E19DC33F9001E2CC0 /* NSPointerArray+Extra.m in Sources */ = {isa = PBXBuildFile; fileRef = 59DBB00D19DC33F9001E2CC0 /* NSPointerArray+Extra.m */; };
		59E0F3B619DD8295006ADE4D /* toolbar_stop.pdf in Resources */ = {isa = PBXBuildFile; fileRef = 59E0F3B519DD8295006ADE4D /* toolbar_stop.pdf */; };
		59F28F0819DAB72C001A6291 /* main.m in Sources */ = {isa = PBXBuildFile; fileRef = 59F28F0719DAB72C001A6291 /* main.m */; };
		59F28F0B19DAB72C001A6291 /* AppDelegate.m in Sources */ = {isa = PBXBuildFile; fileRef = 59F28F0A19DAB72C001A6291 /* AppDelegate.m */; };
		59F28F0D19DAB72C001A6291 /* Images.xcassets in Resources */ = {isa = PBXBuildFile; fileRef = 59F28F0C19DAB72C001A6291 /* Images.xcassets */; };
		59F28F1019DAB72C001A6291 /* MainMenu.xib in Resources */ = {isa = PBXBuildFile; fileRef = 59F28F0E19DAB72C001A6291 /* MainMenu.xib */; };
		59F28F2719DAB930001A6291 /* ProcessDataSource.m in Sources */ = {isa = PBXBuildFile; fileRef = 59F28F2619DAB930001A6291 /* ProcessDataSource.m */; };
		59F28F2A19DAD1CC001A6291 /* Process.m in Sources */ = {isa = PBXBuildFile; fileRef = 59F28F2919DAD1CC001A6291 /* Process.m */; };
		59F28F2D19DAD4DB001A6291 /* ProcessCellView.m in Sources */ = {isa = PBXBuildFile; fileRef = 59F28F2C19DAD4DA001A6291 /* ProcessCellView.m */; };
		59F28F3019DAD5E9001A6291 /* ProcessDataDelegate.m in Sources */ = {isa = PBXBuildFile; fileRef = 59F28F2F19DAD5E9001A6291 /* ProcessDataDelegate.m */; };
/* End PBXBuildFile section */

/* Begin PBXFileReference section */
		59DBB00919DBE9F3001E2CC0 /* ProcessSettings.h */ = {isa = PBXFileReference; fileEncoding = 4; lastKnownFileType = sourcecode.c.h; path = ProcessSettings.h; sourceTree = "<group>"; };
		59DBB00A19DBE9F3001E2CC0 /* ProcessSettings.m */ = {isa = PBXFileReference; fileEncoding = 4; lastKnownFileType = sourcecode.c.objc; path = ProcessSettings.m; sourceTree = "<group>"; };
		59DBB00C19DC33F9001E2CC0 /* NSPointerArray+Extra.h */ = {isa = PBXFileReference; fileEncoding = 4; lastKnownFileType = sourcecode.c.h; path = "NSPointerArray+Extra.h"; sourceTree = "<group>"; };
		59DBB00D19DC33F9001E2CC0 /* NSPointerArray+Extra.m */ = {isa = PBXFileReference; fileEncoding = 4; lastKnownFileType = sourcecode.c.objc; path = "NSPointerArray+Extra.m"; sourceTree = "<group>"; };
		59E0F3B519DD8295006ADE4D /* toolbar_stop.pdf */ = {isa = PBXFileReference; lastKnownFileType = image.pdf; path = toolbar_stop.pdf; sourceTree = "<group>"; };
		59F28F0219DAB72C001A6291 /* ProcessTree.app */ = {isa = PBXFileReference; explicitFileType = wrapper.application; includeInIndex = 0; path = ProcessTree.app; sourceTree = BUILT_PRODUCTS_DIR; };
		59F28F0619DAB72C001A6291 /* Info.plist */ = {isa = PBXFileReference; lastKnownFileType = text.plist.xml; path = Info.plist; sourceTree = "<group>"; };
		59F28F0719DAB72C001A6291 /* main.m */ = {isa = PBXFileReference; lastKnownFileType = sourcecode.c.objc; path = main.m; sourceTree = "<group>"; };
		59F28F0919DAB72C001A6291 /* AppDelegate.h */ = {isa = PBXFileReference; lastKnownFileType = sourcecode.c.h; path = AppDelegate.h; sourceTree = "<group>"; };
		59F28F0A19DAB72C001A6291 /* AppDelegate.m */ = {isa = PBXFileReference; lastKnownFileType = sourcecode.c.objc; path = AppDelegate.m; sourceTree = "<group>"; };
		59F28F0C19DAB72C001A6291 /* Images.xcassets */ = {isa = PBXFileReference; lastKnownFileType = folder.assetcatalog; path = Images.xcassets; sourceTree = "<group>"; };
		59F28F0F19DAB72C001A6291 /* Base */ = {isa = PBXFileReference; lastKnownFileType = file.xib; name = Base; path = Base.lproj/MainMenu.xib; sourceTree = "<group>"; };
		59F28F1A19DAB72C001A6291 /* Info.plist */ = {isa = PBXFileReference; lastKnownFileType = text.plist.xml; path = Info.plist; sourceTree = "<group>"; };
		59F28F1B19DAB72C001A6291 /* ProcessTreeTests.m */ = {isa = PBXFileReference; lastKnownFileType = sourcecode.c.objc; path = ProcessTreeTests.m; sourceTree = "<group>"; };
		59F28F2519DAB930001A6291 /* ProcessDataSource.h */ = {isa = PBXFileReference; fileEncoding = 4; lastKnownFileType = sourcecode.c.h; path = ProcessDataSource.h; sourceTree = "<group>"; };
		59F28F2619DAB930001A6291 /* ProcessDataSource.m */ = {isa = PBXFileReference; fileEncoding = 4; lastKnownFileType = sourcecode.c.objc; path = ProcessDataSource.m; sourceTree = "<group>"; };
		59F28F2819DAD1CC001A6291 /* Process.h */ = {isa = PBXFileReference; fileEncoding = 4; lastKnownFileType = sourcecode.c.h; path = Process.h; sourceTree = "<group>"; };
		59F28F2919DAD1CC001A6291 /* Process.m */ = {isa = PBXFileReference; fileEncoding = 4; lastKnownFileType = sourcecode.c.objc; path = Process.m; sourceTree = "<group>"; };
		59F28F2B19DAD4DA001A6291 /* ProcessCellView.h */ = {isa = PBXFileReference; fileEncoding = 4; lastKnownFileType = sourcecode.c.h; path = ProcessCellView.h; sourceTree = "<group>"; };
		59F28F2C19DAD4DA001A6291 /* ProcessCellView.m */ = {isa = PBXFileReference; fileEncoding = 4; lastKnownFileType = sourcecode.c.objc; path = ProcessCellView.m; sourceTree = "<group>"; };
		59F28F2E19DAD5E9001A6291 /* ProcessDataDelegate.h */ = {isa = PBXFileReference; fileEncoding = 4; lastKnownFileType = sourcecode.c.h; path = ProcessDataDelegate.h; sourceTree = "<group>"; };
		59F28F2F19DAD5E9001A6291 /* ProcessDataDelegate.m */ = {isa = PBXFileReference; fileEncoding = 4; lastKnownFileType = sourcecode.c.objc; path = ProcessDataDelegate.m; sourceTree = "<group>"; };
/* End PBXFileReference section */

/* Begin PBXFrameworksBuildPhase section */
		59F28EFF19DAB72C001A6291 /* Frameworks */ = {
			isa = PBXFrameworksBuildPhase;
			buildActionMask = 2147483647;
			files = (
			);
			runOnlyForDeploymentPostprocessing = 0;
		};
/* End PBXFrameworksBuildPhase section */

/* Begin PBXGroup section */
		59F28EF919DAB72C001A6291 = {
			isa = PBXGroup;
			children = (
				59F28F0419DAB72C001A6291 /* ProcessTree */,
				59F28F1819DAB72C001A6291 /* ProcessTreeTests */,
				59F28F0319DAB72C001A6291 /* Products */,
			);
			sourceTree = "<group>";
		};
		59F28F0319DAB72C001A6291 /* Products */ = {
			isa = PBXGroup;
			children = (
				59F28F0219DAB72C001A6291 /* ProcessTree.app */,
			);
			name = Products;
			sourceTree = "<group>";
		};
		59F28F0419DAB72C001A6291 /* ProcessTree */ = {
			isa = PBXGroup;
			children = (
				59F28F0919DAB72C001A6291 /* AppDelegate.h */,
				59F28F0A19DAB72C001A6291 /* AppDelegate.m */,
				59F28F0C19DAB72C001A6291 /* Images.xcassets */,
				59F28F0E19DAB72C001A6291 /* MainMenu.xib */,
				59F28F0519DAB72C001A6291 /* Supporting Files */,
				59F28F2519DAB930001A6291 /* ProcessDataSource.h */,
				59F28F2619DAB930001A6291 /* ProcessDataSource.m */,
				59F28F2819DAD1CC001A6291 /* Process.h */,
				59F28F2919DAD1CC001A6291 /* Process.m */,
				59F28F2B19DAD4DA001A6291 /* ProcessCellView.h */,
				59F28F2C19DAD4DA001A6291 /* ProcessCellView.m */,
				59F28F2E19DAD5E9001A6291 /* ProcessDataDelegate.h */,
				59F28F2F19DAD5E9001A6291 /* ProcessDataDelegate.m */,
				59DBB00919DBE9F3001E2CC0 /* ProcessSettings.h */,
				59DBB00A19DBE9F3001E2CC0 /* ProcessSettings.m */,
				59DBB00C19DC33F9001E2CC0 /* NSPointerArray+Extra.h */,
				59DBB00D19DC33F9001E2CC0 /* NSPointerArray+Extra.m */,
				59E0F3B519DD8295006ADE4D /* toolbar_stop.pdf */,
			);
			path = ProcessTree;
			sourceTree = "<group>";
		};
		59F28F0519DAB72C001A6291 /* Supporting Files */ = {
			isa = PBXGroup;
			children = (
				59F28F0619DAB72C001A6291 /* Info.plist */,
				59F28F0719DAB72C001A6291 /* main.m */,
			);
			name = "Supporting Files";
			sourceTree = "<group>";
		};
		59F28F1819DAB72C001A6291 /* ProcessTreeTests */ = {
			isa = PBXGroup;
			children = (
				59F28F1B19DAB72C001A6291 /* ProcessTreeTests.m */,
				59F28F1919DAB72C001A6291 /* Supporting Files */,
			);
			path = ProcessTreeTests;
			sourceTree = "<group>";
		};
		59F28F1919DAB72C001A6291 /* Supporting Files */ = {
			isa = PBXGroup;
			children = (
				59F28F1A19DAB72C001A6291 /* Info.plist */,
			);
			name = "Supporting Files";
			sourceTree = "<group>";
		};
/* End PBXGroup section */

/* Begin PBXNativeTarget section */
		59F28F0119DAB72C001A6291 /* ProcessTree */ = {
			isa = PBXNativeTarget;
			buildConfigurationList = 59F28F1F19DAB72C001A6291 /* Build configuration list for PBXNativeTarget "ProcessTree" */;
			buildPhases = (
				59F28EFE19DAB72C001A6291 /* Sources */,
				59F28EFF19DAB72C001A6291 /* Frameworks */,
				59F28F0019DAB72C001A6291 /* Resources */,
			);
			buildRules = (
			);
			dependencies = (
			);
			name = ProcessTree;
			productName = ProcessTree;
			productReference = 59F28F0219DAB72C001A6291 /* ProcessTree.app */;
			productType = "com.apple.product-type.application";
		};
/* End PBXNativeTarget section */

/* Begin PBXProject section */
		59F28EFA19DAB72C001A6291 /* Project object */ = {
			isa = PBXProject;
			attributes = {
				LastUpgradeCheck = 0600;
				TargetAttributes = {
					59F28F0119DAB72C001A6291 = {
						CreatedOnToolsVersion = 6.0.1;
					};
				};
			};
			buildConfigurationList = 59F28EFD19DAB72C001A6291 /* Build configuration list for PBXProject "ProcessTree" */;
			compatibilityVersion = "Xcode 3.2";
			developmentRegion = English;
			hasScannedForEncodings = 0;
			knownRegions = (
				en,
				Base,
			);
			mainGroup = 59F28EF919DAB72C001A6291;
			productRefGroup = 59F28F0319DAB72C001A6291 /* Products */;
			projectDirPath = "";
			projectRoot = "";
			targets = (
				59F28F0119DAB72C001A6291 /* ProcessTree */,
			);
		};
/* End PBXProject section */

/* Begin PBXResourcesBuildPhase section */
		59F28F0019DAB72C001A6291 /* Resources */ = {
			isa = PBXResourcesBuildPhase;
			buildActionMask = 2147483647;
			files = (
				59F28F0D19DAB72C001A6291 /* Images.xcassets in Resources */,
				59F28F1019DAB72C001A6291 /* MainMenu.xib in Resources */,
				59E0F3B619DD8295006ADE4D /* toolbar_stop.pdf in Resources */,
			);
			runOnlyForDeploymentPostprocessing = 0;
		};
/* End PBXResourcesBuildPhase section */

/* Begin PBXSourcesBuildPhase section */
		59F28EFE19DAB72C001A6291 /* Sources */ = {
			isa = PBXSourcesBuildPhase;
			buildActionMask = 2147483647;
			files = (
				59F28F0B19DAB72C001A6291 /* AppDelegate.m in Sources */,
				59DBB00E19DC33F9001E2CC0 /* NSPointerArray+Extra.m in Sources */,
				59F28F0819DAB72C001A6291 /* main.m in Sources */,
				59F28F3019DAD5E9001A6291 /* ProcessDataDelegate.m in Sources */,
				59F28F2719DAB930001A6291 /* ProcessDataSource.m in Sources */,
				59DBB00B19DBE9F3001E2CC0 /* ProcessSettings.m in Sources */,
				59F28F2A19DAD1CC001A6291 /* Process.m in Sources */,
				59F28F2D19DAD4DB001A6291 /* ProcessCellView.m in Sources */,
			);
			runOnlyForDeploymentPostprocessing = 0;
		};
/* End PBXSourcesBuildPhase section */

/* Begin PBXVariantGroup section */
		59F28F0E19DAB72C001A6291 /* MainMenu.xib */ = {
			isa = PBXVariantGroup;
			children = (
				59F28F0F19DAB72C001A6291 /* Base */,
			);
			name = MainMenu.xib;
			sourceTree = "<group>";
		};
/* End PBXVariantGroup section */

/* Begin XCBuildConfiguration section */
		59F28F1D19DAB72C001A6291 /* Debug */ = {
			isa = XCBuildConfiguration;
			buildSettings = {
				ALWAYS_SEARCH_USER_PATHS = NO;
				CLANG_CXX_LANGUAGE_STANDARD = "gnu++0x";
				CLANG_CXX_LIBRARY = "libc++";
				CLANG_ENABLE_MODULES = YES;
				CLANG_ENABLE_OBJC_ARC = YES;
				CLANG_WARN_BOOL_CONVERSION = YES;
				CLANG_WARN_CONSTANT_CONVERSION = YES;
				CLANG_WARN_DIRECT_OBJC_ISA_USAGE = YES_ERROR;
				CLANG_WARN_EMPTY_BODY = YES;
				CLANG_WARN_ENUM_CONVERSION = YES;
				CLANG_WARN_INT_CONVERSION = YES;
				CLANG_WARN_OBJC_ROOT_CLASS = YES_ERROR;
				CLANG_WARN_UNREACHABLE_CODE = YES;
				CLANG_WARN__DUPLICATE_METHOD_MATCH = YES;
				CODE_SIGN_IDENTITY = "-";
				COPY_PHASE_STRIP = NO;
				ENABLE_STRICT_OBJC_MSGSEND = YES;
				GCC_C_LANGUAGE_STANDARD = gnu99;
				GCC_DYNAMIC_NO_PIC = NO;
				GCC_OPTIMIZATION_LEVEL = 0;
				GCC_PREPROCESSOR_DEFINITIONS = (
					"DEBUG=1",
					"$(inherited)",
				);
				GCC_SYMBOLS_PRIVATE_EXTERN = NO;
				GCC_WARN_64_TO_32_BIT_CONVERSION = YES;
				GCC_WARN_ABOUT_RETURN_TYPE = YES_ERROR;
				GCC_WARN_UNDECLARED_SELECTOR = YES;
				GCC_WARN_UNINITIALIZED_AUTOS = YES_AGGRESSIVE;
				GCC_WARN_UNUSED_FUNCTION = YES;
				GCC_WARN_UNUSED_VARIABLE = YES;
				MACOSX_DEPLOYMENT_TARGET = 10.9;
				MTL_ENABLE_DEBUG_INFO = YES;
				ONLY_ACTIVE_ARCH = YES;
				SDKROOT = macosx;
			};
			name = Debug;
		};
		59F28F1E19DAB72C001A6291 /* Release */ = {
			isa = XCBuildConfiguration;
			buildSettings = {
				ALWAYS_SEARCH_USER_PATHS = NO;
				CLANG_CXX_LANGUAGE_STANDARD = "gnu++0x";
				CLANG_CXX_LIBRARY = "libc++";
				CLANG_ENABLE_MODULES = YES;
				CLANG_ENABLE_OBJC_ARC = YES;
				CLANG_WARN_BOOL_CONVERSION = YES;
				CLANG_WARN_CONSTANT_CONVERSION = YES;
				CLANG_WARN_DIRECT_OBJC_ISA_USAGE = YES_ERROR;
				CLANG_WARN_EMPTY_BODY = YES;
				CLANG_WARN_ENUM_CONVERSION = YES;
				CLANG_WARN_INT_CONVERSION = YES;
				CLANG_WARN_OBJC_ROOT_CLASS = YES_ERROR;
				CLANG_WARN_UNREACHABLE_CODE = YES;
				CLANG_WARN__DUPLICATE_METHOD_MATCH = YES;
				CODE_SIGN_IDENTITY = "-";
				COPY_PHASE_STRIP = YES;
				DEBUG_INFORMATION_FORMAT = "dwarf-with-dsym";
				ENABLE_NS_ASSERTIONS = NO;
				ENABLE_STRICT_OBJC_MSGSEND = YES;
				GCC_C_LANGUAGE_STANDARD = gnu99;
				GCC_WARN_64_TO_32_BIT_CONVERSION = YES;
				GCC_WARN_ABOUT_RETURN_TYPE = YES_ERROR;
				GCC_WARN_UNDECLARED_SELECTOR = YES;
				GCC_WARN_UNINITIALIZED_AUTOS = YES_AGGRESSIVE;
				GCC_WARN_UNUSED_FUNCTION = YES;
				GCC_WARN_UNUSED_VARIABLE = YES;
				MACOSX_DEPLOYMENT_TARGET = 10.9;
				MTL_ENABLE_DEBUG_INFO = NO;
				SDKROOT = macosx;
			};
			name = Release;
		};
		59F28F2019DAB72C001A6291 /* Debug */ = {
			isa = XCBuildConfiguration;
			buildSettings = {
				ASSETCATALOG_COMPILER_APPICON_NAME = AppIcon;
				CLANG_ENABLE_OBJC_ARC = NO;
				COMBINE_HIDPI_IMAGES = YES;
				INFOPLIST_FILE = ProcessTree/Info.plist;
				LD_RUNPATH_SEARCH_PATHS = "$(inherited) @executable_path/../Frameworks";
				PRODUCT_NAME = "$(TARGET_NAME)";
			};
			name = Debug;
		};
		59F28F2119DAB72C001A6291 /* Release */ = {
			isa = XCBuildConfiguration;
			buildSettings = {
				ASSETCATALOG_COMPILER_APPICON_NAME = AppIcon;
				CLANG_ENABLE_OBJC_ARC = NO;
				COMBINE_HIDPI_IMAGES = YES;
				INFOPLIST_FILE = ProcessTree/Info.plist;
				LD_RUNPATH_SEARCH_PATHS = "$(inherited) @executable_path/../Frameworks";
				PRODUCT_NAME = "$(TARGET_NAME)";
			};
			name = Release;
		};
/* End XCBuildConfiguration section */

/* Begin XCConfigurationList section */
		59F28EFD19DAB72C001A6291 /* Build configuration list for PBXProject "ProcessTree" */ = {
			isa = XCConfigurationList;
			buildConfigurations = (
				59F28F1D19DAB72C001A6291 /* Debug */,
				59F28F1E19DAB72C001A6291 /* Release */,
			);
			defaultConfigurationIsVisible = 0;
			defaultConfigurationName = Release;
		};
		59F28F1F19DAB72C001A6291 /* Build configuration list for PBXNativeTarget "ProcessTree" */ = {
			isa = XCConfigurationList;
			buildConfigurations = (
				59F28F2019DAB72C001A6291 /* Debug */,
				59F28F2119DAB72C001A6291 /* Release */,
			);
			defaultConfigurationIsVisible = 0;
			defaultConfigurationName = Release;
		};
/* End XCConfigurationList section */
	};
	rootObject = 59F28EFA19DAB72C001A6291 /* Project object */;
}
